PODS:
  - Alamofire (5.2.2)
  - CardViewList (1.1.8)
  - Moya (14.0.0):
    - Moya/Core (= 14.0.0)
  - Moya/Core (14.0.0):
    - Alamofire (~> 5.0)

DEPENDENCIES:
  - CardViewList (~> 1.1.8)
  - Moya

SPEC REPOS:
  trunk:
    - Alamofire
    - CardViewList
    - Moya

SPEC CHECKSUMS:
  Alamofire: 814429acc853c6c54ff123fc3d2ef66803823ce0
  CardViewList: d08614f3defc046e8200fb37e662c1a3f1255745
  Moya: 5b45dacb75adb009f97fde91c204c1e565d31916

PODFILE CHECKSUM: 1713f913deb4fcae67fd3c3e7a84780b5549c042

COCOAPODS: 1.9.3
